{
  "name": "react-typescript-lambda-app-backend",
  "version": "0.1.0",
  "lockfileVersion": 2,
  "requires": true,
  "packages": {
    "": {
      "name": "react-typescript-lambda-app-backend",
      "version": "0.1.0",
      "dependencies": {
        "@types/aws-lambda": "^8.10.75",
        "typescript": "^4.2.4"
      }
    },
    "node_modules/@types/aws-lambda": {
      "version": "8.10.75",
      "resolved": "https://registry.npmjs.org/@types/aws-lambda/-/aws-lambda-8.10.75.tgz",
      "integrity": "sha512-orOKSsIVUMsAbKgbSX2ST3FwQt9pxinHVCAIAVl4SmmTxmki2Gu+cGqobMD3eYwDV5FV0YNtaXyxnvE9pLrKTw=="
    },
    "node_modules/typescript": {
      "version": "4.2.4",
      "resolved": "https://registry.npmjs.org/typescript/-/typescript-4.2.4.tgz",
      "integrity": "sha512-V+evlYHZnQkaz8TRBuxTA92yZBPotr5H+WhQ7bD3hZUndx5tGOa1fuCgeSjxAzM1RiN5IzvadIXTVefuuwZCRg==",
      "bin": {
        "tsc": "bin/tsc",
        "tsserver": "bin/tsserver"
      },
      "engines": {
        "node": ">=4.2.0"
      }
    }
  },
  "dependencies": {
    "@types/aws-lambda": {
      "version": "8.10.75",
      "resolved": "https://registry.npmjs.org/@types/aws-lambda/-/aws-lambda-8.10.75.tgz",
      "integrity": "sha512-orOKSsIVUMsAbKgbSX2ST3FwQt9pxinHVCAIAVl4SmmTxmki2Gu+cGqobMD3eYwDV5FV0YNtaXyxnvE9pLrKTw=="
    },
    "typescript": {
      "version": "4.2.4",
      "resolved": "https://registry.npmjs.org/typescript/-/typescript-4.2.4.tgz",
      "integrity": "sha512-V+evlYHZnQkaz8TRBuxTA92yZBPotr5H+WhQ7bD3hZUndx5tGOa1fuCgeSjxAzM1RiN5IzvadIXTVefuuwZCRg=="
    }
  }
}
